
Microsoft Visual Studio Solution File, Format Version 12.00
# Visual Studio Version 17
VisualStudioVersion = 17.11.35312.102
MinimumVisualStudioVersion = 10.0.40219.1
Project("{FAE04EC0-301F-11D3-BF4B-00C04F79EFBC}") = "G4-EmployeeRegister", "G4-EmployeeRegister\G4-EmployeeRegister.csproj", "{E6EE87F6-06AD-4D65-A820-DD1135735D74}"
EndProject
Global
	GlobalSection(SolutionConfigurationPlatforms) = preSolution
		Debug|Any CPU = Debug|Any CPU
		Release|Any CPU = Release|Any CPU
	EndGlobalSection
	GlobalSection(ProjectConfigurationPlatforms) = postSolution
		{E6EE87F6-06AD-4D65-A820-DD1135735D74}.Debug|Any CPU.ActiveCfg = Debug|Any CPU
		{E6EE87F6-06AD-4D65-A820-DD1135735D74}.Debug|Any CPU.Build.0 = Debug|Any CPU
		{E6EE87F6-06AD-4D65-A820-DD1135735D74}.Release|Any CPU.ActiveCfg = Release|Any CPU
		{E6EE87F6-06AD-4D65-A820-DD1135735D74}.Release|Any CPU.Build.0 = Release|Any CPU
	EndGlobalSection
	GlobalSection(SolutionProperties) = preSolution
		HideSolutionNode = FALSE
	EndGlobalSection
	GlobalSection(ExtensibilityGlobals) = postSolution
		SolutionGuid = {9D366A25-DCA1-451C-9B4B-56071BC5AE6B}
	EndGlobalSection
EndGlobal
